Microsoft Visual Studio Solution File, Format Version 12.00
# Visual Studio Version 17
VisualStudioVersion = 17.5.2.0
MinimumVisualStudioVersion = 10.0.40219.1
Project("{FAE04EC0-301F-11D3-BF4B-00C04F79EFBC}") = "SnakeArchitect", "SnakeArchitect.csproj", "{38FFDE94-F8B8-B11E-1226-1696DF1C40A8}"
EndProject
Global
	GlobalSection(SolutionConfigurationPlatforms) = preSolution
		Debug|Any CPU = Debug|Any CPU
		Release|Any CPU = Release|Any CPU
	EndGlobalSection
	GlobalSection(ProjectConfigurationPlatforms) = postSolution
		{38FFDE94-F8B8-B11E-1226-1696DF1C40A8}.Debug|Any CPU.ActiveCfg = Debug|Any CPU
		{38FFDE94-F8B8-B11E-1226-1696DF1C40A8}.Debug|Any CPU.Build.0 = Debug|Any CPU
		{38FFDE94-F8B8-B11E-1226-1696DF1C40A8}.Release|Any CPU.ActiveCfg = Release|Any CPU
		{38FFDE94-F8B8-B11E-1226-1696DF1C40A8}.Release|Any CPU.Build.0 = Release|Any CPU
	EndGlobalSection
	GlobalSection(SolutionProperties) = preSolution
		HideSolutionNode = FALSE
	EndGlobalSection
	GlobalSection(ExtensibilityGlobals) = postSolution
		SolutionGuid = {176953A7-4ECB-4C05-B304-15C5DB657A02}
	EndGlobalSection
EndGlobal
